PODS:
  - ChameleonFramework (2.1.0):
    - ChameleonFramework/Default (= 2.1.0)
  - ChameleonFramework/Default (2.1.0)
  - Realm (3.13.1):
    - Realm/Headers (= 3.13.1)
  - Realm/Headers (3.13.1)
  - RealmSwift (3.13.1):
    - Realm (= 3.13.1)
  - SwipeCellKit (2.5.1)

DEPENDENCIES:
  - ChameleonFramework
  - RealmSwift
  - SwipeCellKit

SPEC REPOS:
  https://github.com/cocoapods/specs.git:
    - ChameleonFramework
    - Realm
    - RealmSwift
    - SwipeCellKit

SPEC CHECKSUMS:
  ChameleonFramework: d21a3cc247abfe5e37609a283a8238b03575cf64
  Realm: 50071da38fe079e0735e47c9f2eae738c68c5996
  RealmSwift: 8a1e6a02b7a08cd17a31e3115143fb69fe5f3fb9
  SwipeCellKit: 30fd6a4f8a8b8ac864ea389c8b4c8bac5ba5471a

PODFILE CHECKSUM: 501644ffacbbbf8115e73e77f30c65b0b88c0b56

COCOAPODS: 1.5.2
