// !$*UTF8*$!
{
	archiveVersion = 1;
	classes = {
	};
	objectVersion = 50;
	objects = {

/* Begin PBXBuildFile section */
		472CDAE622004D9E009A997F /* CategoryVC.swift in Sources */ = {isa = PBXBuildFile; fileRef = 472CDAE522004D9E009A997F /* CategoryVC.swift */; };
		472CDAE822005136009A997F /* CategoryCell.swift in Sources */ = {isa = PBXBuildFile; fileRef = 472CDAE722005136009A997F /* CategoryCell.swift */; };
		476B6FBF21FCD38100BBBD41 /* AppDelegate.swift in Sources */ = {isa = PBXBuildFile; fileRef = 476B6FBE21FCD38100BBBD41 /* AppDelegate.swift */; };
		476B6FC421FCD38100BBBD41 /* Main.storyboard in Resources */ = {isa = PBXBuildFile; fileRef = 476B6FC221FCD38100BBBD41 /* Main.storyboard */; };
		476B6FC621FCD38300BBBD41 /* Assets.xcassets in Resources */ = {isa = PBXBuildFile; fileRef = 476B6FC521FCD38300BBBD41 /* Assets.xcassets */; };
		476B6FC921FCD38300BBBD41 /* LaunchScreen.storyboard in Resources */ = {isa = PBXBuildFile; fileRef = 476B6FC721FCD38300BBBD41 /* LaunchScreen.storyboard */; };
		476B6FD721FCD54300BBBD41 /* TodoCell.swift in Sources */ = {isa = PBXBuildFile; fileRef = 476B6FD621FCD54300BBBD41 /* TodoCell.swift */; };
		476B6FD921FCD60400BBBD41 /* ToDoListVC.swift in Sources */ = {isa = PBXBuildFile; fileRef = 476B6FD821FCD60400BBBD41 /* ToDoListVC.swift */; };
		4785EA952200B23A00F59CEA /* Item.swift in Sources */ = {isa = PBXBuildFile; fileRef = 4785EA942200B23A00F59CEA /* Item.swift */; };
		4785EA972200B24600F59CEA /* Category.swift in Sources */ = {isa = PBXBuildFile; fileRef = 4785EA962200B24600F59CEA /* Category.swift */; };
		D1D6626E7C4D16F5724529E8 /* Pods_todo.framework in Frameworks */ = {isa = PBXBuildFile; fileRef = A535DCF0FD8A7A675924F70B /* Pods_todo.framework */; };
/* End PBXBuildFile section */

/* Begin PBXFileReference section */
		09A1F6F97A253F2E64006032 /* Pods-todo.debug.xcconfig */ = {isa = PBXFileReference; includeInIndex = 1; lastKnownFileType = text.xcconfig; name = "Pods-todo.debug.xcconfig"; path = "Pods/Target Support Files/Pods-todo/Pods-todo.debug.xcconfig"; sourceTree = "<group>"; };
		472CDAE522004D9E009A997F /* CategoryVC.swift */ = {isa = PBXFileReference; lastKnownFileType = sourcecode.swift; path = CategoryVC.swift; sourceTree = "<group>"; };
		472CDAE722005136009A997F /* CategoryCell.swift */ = {isa = PBXFileReference; lastKnownFileType = sourcecode.swift; path = CategoryCell.swift; sourceTree = "<group>"; };
		476B6FBB21FCD38100BBBD41 /* todo.app */ = {isa = PBXFileReference; explicitFileType = wrapper.application; includeInIndex = 0; path = todo.app; sourceTree = BUILT_PRODUCTS_DIR; };
		476B6FBE21FCD38100BBBD41 /* AppDelegate.swift */ = {isa = PBXFileReference; lastKnownFileType = sourcecode.swift; path = AppDelegate.swift; sourceTree = "<group>"; };
		476B6FC321FCD38100BBBD41 /* Base */ = {isa = PBXFileReference; lastKnownFileType = file.storyboard; name = Base; path = Base.lproj/Main.storyboard; sourceTree = "<group>"; };
		476B6FC521FCD38300BBBD41 /* Assets.xcassets */ = {isa = PBXFileReference; lastKnownFileType = folder.assetcatalog; path = Assets.xcassets; sourceTree = "<group>"; };
		476B6FC821FCD38300BBBD41 /* Base */ = {isa = PBXFileReference; lastKnownFileType = file.storyboard; name = Base; path = Base.lproj/LaunchScreen.storyboard; sourceTree = "<group>"; };
		476B6FCA21FCD38300BBBD41 /* Info.plist */ = {isa = PBXFileReference; lastKnownFileType = text.plist.xml; path = Info.plist; sourceTree = "<group>"; };
		476B6FD621FCD54300BBBD41 /* TodoCell.swift */ = {isa = PBXFileReference; lastKnownFileType = sourcecode.swift; path = TodoCell.swift; sourceTree = "<group>"; };
		476B6FD821FCD60400BBBD41 /* ToDoListVC.swift */ = {isa = PBXFileReference; lastKnownFileType = sourcecode.swift; path = ToDoListVC.swift; sourceTree = "<group>"; };
		4785EA942200B23A00F59CEA /* Item.swift */ = {isa = PBXFileReference; lastKnownFileType = sourcecode.swift; path = Item.swift; sourceTree = "<group>"; };
		4785EA962200B24600F59CEA /* Category.swift */ = {isa = PBXFileReference; lastKnownFileType = sourcecode.swift; path = Category.swift; sourceTree = "<group>"; };
		A535DCF0FD8A7A675924F70B /* Pods_todo.framework */ = {isa = PBXFileReference; explicitFileType = wrapper.framework; includeInIndex = 0; path = Pods_todo.framework; sourceTree = BUILT_PRODUCTS_DIR; };
		E9EC411CFF15DFEBAE7BB509 /* Pods-todo.release.xcconfig */ = {isa = PBXFileReference; includeInIndex = 1; lastKnownFileType = text.xcconfig; name = "Pods-todo.release.xcconfig"; path = "Pods/Target Support Files/Pods-todo/Pods-todo.release.xcconfig"; sourceTree = "<group>"; };
/* End PBXFileReference section */

/* Begin PBXFrameworksBuildPhase section */
		476B6FB821FCD38100BBBD41 /* Frameworks */ = {
			isa = PBXFrameworksBuildPhase;
			buildActionMask = 2147483647;
			files = (
				D1D6626E7C4D16F5724529E8 /* Pods_todo.framework in Frameworks */,
			);
			runOnlyForDeploymentPostprocessing = 0;
		};
/* End PBXFrameworksBuildPhase section */

/* Begin PBXGroup section */
		267C50C9B19E04E204A9DEAF /* Pods */ = {
			isa = PBXGroup;
			children = (
				09A1F6F97A253F2E64006032 /* Pods-todo.debug.xcconfig */,
				E9EC411CFF15DFEBAE7BB509 /* Pods-todo.release.xcconfig */,
			);
			name = Pods;
			sourceTree = "<group>";
		};
		476B6FB221FCD38100BBBD41 = {
			isa = PBXGroup;
			children = (
				476B6FBD21FCD38100BBBD41 /* todo */,
				476B6FBC21FCD38100BBBD41 /* Products */,
				267C50C9B19E04E204A9DEAF /* Pods */,
				9830D5E1A44937D8D845FAEC /* Frameworks */,
			);
			sourceTree = "<group>";
		};
		476B6FBC21FCD38100BBBD41 /* Products */ = {
			isa = PBXGroup;
			children = (
				476B6FBB21FCD38100BBBD41 /* todo.app */,
			);
			name = Products;
			sourceTree = "<group>";
		};
		476B6FBD21FCD38100BBBD41 /* todo */ = {
			isa = PBXGroup;
			children = (
				476B6FD221FCD48800BBBD41 /* Models */,
				476B6FD121FCD47F00BBBD41 /* Views */,
				476B6FD021FCD46B00BBBD41 /* Controller */,
				476B6FBE21FCD38100BBBD41 /* AppDelegate.swift */,
				476B6FCA21FCD38300BBBD41 /* Info.plist */,
				476B6FD521FCD51E00BBBD41 /* Resources */,
			);
			path = todo;
			sourceTree = "<group>";
		};
		476B6FD021FCD46B00BBBD41 /* Controller */ = {
			isa = PBXGroup;
			children = (
				472CDAE722005136009A997F /* CategoryCell.swift */,
				476B6FD621FCD54300BBBD41 /* TodoCell.swift */,
				472CDAE522004D9E009A997F /* CategoryVC.swift */,
				476B6FD821FCD60400BBBD41 /* ToDoListVC.swift */,
			);
			path = Controller;
			sourceTree = "<group>";
		};
		476B6FD121FCD47F00BBBD41 /* Views */ = {
			isa = PBXGroup;
			children = (
				476B6FC221FCD38100BBBD41 /* Main.storyboard */,
			);
			path = Views;
			sourceTree = "<group>";
		};
		476B6FD221FCD48800BBBD41 /* Models */ = {
			isa = PBXGroup;
			children = (
				4785EA962200B24600F59CEA /* Category.swift */,
				4785EA942200B23A00F59CEA /* Item.swift */,
			);
			path = Models;
			sourceTree = "<group>";
		};
		476B6FD521FCD51E00BBBD41 /* Resources */ = {
			isa = PBXGroup;
			children = (
				476B6FC521FCD38300BBBD41 /* Assets.xcassets */,
				476B6FC721FCD38300BBBD41 /* LaunchScreen.storyboard */,
			);
			path = Resources;
			sourceTree = "<group>";
		};
		9830D5E1A44937D8D845FAEC /* Frameworks */ = {
			isa = PBXGroup;
			children = (
				A535DCF0FD8A7A675924F70B /* Pods_todo.framework */,
			);
			name = Frameworks;
			sourceTree = "<group>";
		};
/* End PBXGroup section */

/* Begin PBXNativeTarget section */
		476B6FBA21FCD38100BBBD41 /* todo */ = {
			isa = PBXNativeTarget;
			buildConfigurationList = 476B6FCD21FCD38300BBBD41 /* Build configuration list for PBXNativeTarget "todo" */;
			buildPhases = (
				A4EAFF10FA632570045EB960 /* [CP] Check Pods Manifest.lock */,
				476B6FB721FCD38100BBBD41 /* Sources */,
				476B6FB821FCD38100BBBD41 /* Frameworks */,
				476B6FB921FCD38100BBBD41 /* Resources */,
				094034D1EFF1AE73AFAF6971 /* [CP] Embed Pods Frameworks */,
			);
			buildRules = (
			);
			dependencies = (
			);
			name = todo;
			productName = todo;
			productReference = 476B6FBB21FCD38100BBBD41 /* todo.app */;
			productType = "com.apple.product-type.application";
		};
/* End PBXNativeTarget section */

/* Begin PBXProject section */
		476B6FB321FCD38100BBBD41 /* Project object */ = {
			isa = PBXProject;
			attributes = {
				LastSwiftUpdateCheck = 1010;
				LastUpgradeCheck = 1010;
				ORGANIZATIONNAME = "tarek bahie";
				TargetAttributes = {
					476B6FBA21FCD38100BBBD41 = {
						CreatedOnToolsVersion = 10.1;
					};
				};
			};
			buildConfigurationList = 476B6FB621FCD38100BBBD41 /* Build configuration list for PBXProject "todo" */;
			compatibilityVersion = "Xcode 9.3";
			developmentRegion = en;
			hasScannedForEncodings = 0;
			knownRegions = (
				en,
				Base,
			);
			mainGroup = 476B6FB221FCD38100BBBD41;
			productRefGroup = 476B6FBC21FCD38100BBBD41 /* Products */;
			projectDirPath = "";
			projectRoot = "";
			targets = (
				476B6FBA21FCD38100BBBD41 /* todo */,
			);
		};
/* End PBXProject section */

/* Begin PBXResourcesBuildPhase section */
		476B6FB921FCD38100BBBD41 /* Resources */ = {
			isa = PBXResourcesBuildPhase;
			buildActionMask = 2147483647;
			files = (
				476B6FC921FCD38300BBBD41 /* LaunchScreen.storyboard in Resources */,
				476B6FC621FCD38300BBBD41 /* Assets.xcassets in Resources */,
				476B6FC421FCD38100BBBD41 /* Main.storyboard in Resources */,
			);
			runOnlyForDeploymentPostprocessing = 0;
		};
/* End PBXResourcesBuildPhase section */

/* Begin PBXShellScriptBuildPhase section */
		094034D1EFF1AE73AFAF6971 /* [CP] Embed Pods Frameworks */ = {
			isa = PBXShellScriptBuildPhase;
			buildActionMask = 2147483647;
			files = (
			);
			inputPaths = (
				"${SRCROOT}/Pods/Target Support Files/Pods-todo/Pods-todo-frameworks.sh",
				"${BUILT_PRODUCTS_DIR}/Realm/Realm.framework",
				"${BUILT_PRODUCTS_DIR}/RealmSwift/RealmSwift.framework",
			);
			name = "[CP] Embed Pods Frameworks";
			outputPaths = (
				"${TARGET_BUILD_DIR}/${FRAMEWORKS_FOLDER_PATH}/Realm.framework",
				"${TARGET_BUILD_DIR}/${FRAMEWORKS_FOLDER_PATH}/RealmSwift.framework",
			);
			runOnlyForDeploymentPostprocessing = 0;
			shellPath = /bin/sh;
			shellScript = "\"${SRCROOT}/Pods/Target Support Files/Pods-todo/Pods-todo-frameworks.sh\"\n";
			showEnvVarsInLog = 0;
		};
		A4EAFF10FA632570045EB960 /* [CP] Check Pods Manifest.lock */ = {
			isa = PBXShellScriptBuildPhase;
			buildActionMask = 2147483647;
			files = (
			);
			inputPaths = (
				"${PODS_PODFILE_DIR_PATH}/Podfile.lock",
				"${PODS_ROOT}/Manifest.lock",
			);
			name = "[CP] Check Pods Manifest.lock";
			outputPaths = (
				"$(DERIVED_FILE_DIR)/Pods-todo-checkManifestLockResult.txt",
			);
			runOnlyForDeploymentPostprocessing = 0;
			shellPath = /bin/sh;
			shellScript = "diff \"${PODS_PODFILE_DIR_PATH}/Podfile.lock\" \"${PODS_ROOT}/Manifest.lock\" > /dev/null\nif [ $? != 0 ] ; then\n    # print error to STDERR\n    echo \"error: The sandbox is not in sync with the Podfile.lock. Run 'pod install' or update your CocoaPods installation.\" >&2\n    exit 1\nfi\n# This output is used by Xcode 'outputs' to avoid re-running this script phase.\necho \"SUCCESS\" > \"${SCRIPT_OUTPUT_FILE_0}\"\n";
			showEnvVarsInLog = 0;
		};
/* End PBXShellScriptBuildPhase section */

/* Begin PBXSourcesBuildPhase section */
		476B6FB721FCD38100BBBD41 /* Sources */ = {
			isa = PBXSourcesBuildPhase;
			buildActionMask = 2147483647;
			files = (
				472CDAE622004D9E009A997F /* CategoryVC.swift in Sources */,
				476B6FD921FCD60400BBBD41 /* ToDoListVC.swift in Sources */,
				476B6FBF21FCD38100BBBD41 /* AppDelegate.swift in Sources */,
				4785EA952200B23A00F59CEA /* Item.swift in Sources */,
				476B6FD721FCD54300BBBD41 /* TodoCell.swift in Sources */,
				472CDAE822005136009A997F /* CategoryCell.swift in Sources */,
				4785EA972200B24600F59CEA /* Category.swift in Sources */,
			);
			runOnlyForDeploymentPostprocessing = 0;
		};
/* End PBXSourcesBuildPhase section */

/* Begin PBXVariantGroup section */
		476B6FC221FCD38100BBBD41 /* Main.storyboard */ = {
			isa = PBXVariantGroup;
			children = (
				476B6FC321FCD38100BBBD41 /* Base */,
			);
			name = Main.storyboard;
			sourceTree = "<group>";
		};
		476B6FC721FCD38300BBBD41 /* LaunchScreen.storyboard */ = {
			isa = PBXVariantGroup;
			children = (
				476B6FC821FCD38300BBBD41 /* Base */,
			);
			name = LaunchScreen.storyboard;
			sourceTree = "<group>";
		};
/* End PBXVariantGroup section */

/* Begin XCBuildConfiguration section */
		476B6FCB21FCD38300BBBD41 /* Debug */ = {
			isa = XCBuildConfiguration;
			buildSettings = {
				ALWAYS_SEARCH_USER_PATHS = NO;
				CLANG_ANALYZER_NONNULL = YES;
				CLANG_ANALYZER_NUMBER_OBJECT_CONVERSION = YES_AGGRESSIVE;
				CLANG_CXX_LANGUAGE_STANDARD = "gnu++14";
				CLANG_CXX_LIBRARY = "libc++";
				CLANG_ENABLE_MODULES = YES;
				CLANG_ENABLE_OBJC_ARC = YES;
				CLANG_ENABLE_OBJC_WEAK = YES;
				CLANG_WARN_BLOCK_CAPTURE_AUTORELEASING = YES;
				CLANG_WARN_BOOL_CONVERSION = YES;
				CLANG_WARN_COMMA = YES;
				CLANG_WARN_CONSTANT_CONVERSION = YES;
				CLANG_WARN_DEPRECATED_OBJC_IMPLEMENTATIONS = YES;
				CLANG_WARN_DIRECT_OBJC_ISA_USAGE = YES_ERROR;
				CLANG_WARN_DOCUMENTATION_COMMENTS = YES;
				CLANG_WARN_EMPTY_BODY = YES;
				CLANG_WARN_ENUM_CONVERSION = YES;
				CLANG_WARN_INFINITE_RECURSION = YES;
				CLANG_WARN_INT_CONVERSION = YES;
				CLANG_WARN_NON_LITERAL_NULL_CONVERSION = YES;
				CLANG_WARN_OBJC_IMPLICIT_RETAIN_SELF = YES;
				CLANG_WARN_OBJC_LITERAL_CONVERSION = YES;
				CLANG_WARN_OBJC_ROOT_CLASS = YES_ERROR;
				CLANG_WARN_RANGE_LOOP_ANALYSIS = YES;
				CLANG_WARN_STRICT_PROTOTYPES = YES;
				CLANG_WARN_SUSPICIOUS_MOVE = YES;
				CLANG_WARN_UNGUARDED_AVAILABILITY = YES_AGGRESSIVE;
				CLANG_WARN_UNREACHABLE_CODE = YES;
				CLANG_WARN__DUPLICATE_METHOD_MATCH = YES;
				CODE_SIGN_IDENTITY = "iPhone Developer";
				COPY_PHASE_STRIP = NO;
				DEBUG_INFORMATION_FORMAT = dwarf;
				ENABLE_STRICT_OBJC_MSGSEND = YES;
				ENABLE_TESTABILITY = YES;
				GCC_C_LANGUAGE_STANDARD = gnu11;
				GCC_DYNAMIC_NO_PIC = NO;
				GCC_NO_COMMON_BLOCKS = YES;
				GCC_OPTIMIZATION_LEVEL = 0;
				GCC_PREPROCESSOR_DEFINITIONS = (
					"DEBUG=1",
					"$(inherited)",
				);
				GCC_WARN_64_TO_32_BIT_CONVERSION = YES;
				GCC_WARN_ABOUT_RETURN_TYPE = YES_ERROR;
				GCC_WARN_UNDECLARED_SELECTOR = YES;
				GCC_WARN_UNINITIALIZED_AUTOS = YES_AGGRESSIVE;
				GCC_WARN_UNUSED_FUNCTION = YES;
				GCC_WARN_UNUSED_VARIABLE = YES;
				IPHONEOS_DEPLOYMENT_TARGET = 12.1;
				MTL_ENABLE_DEBUG_INFO = INCLUDE_SOURCE;
				MTL_FAST_MATH = YES;
				ONLY_ACTIVE_ARCH = YES;
				SDKROOT = iphoneos;
				SWIFT_ACTIVE_COMPILATION_CONDITIONS = DEBUG;
				SWIFT_OPTIMIZATION_LEVEL = "-Onone";
			};
			name = Debug;
		};
		476B6FCC21FCD38300BBBD41 /* Release */ = {
			isa = XCBuildConfiguration;
			buildSettings = {
				ALWAYS_SEARCH_USER_PATHS = NO;
				CLANG_ANALYZER_NONNULL = YES;
				CLANG_ANALYZER_NUMBER_OBJECT_CONVERSION = YES_AGGRESSIVE;
				CLANG_CXX_LANGUAGE_STANDARD = "gnu++14";
				CLANG_CXX_LIBRARY = "libc++";
				CLANG_ENABLE_MODULES = YES;
				CLANG_ENABLE_OBJC_ARC = YES;
				CLANG_ENABLE_OBJC_WEAK = YES;
				CLANG_WARN_BLOCK_CAPTURE_AUTORELEASING = YES;
				CLANG_WARN_BOOL_CONVERSION = YES;
				CLANG_WARN_COMMA = YES;
				CLANG_WARN_CONSTANT_CONVERSION = YES;
				CLANG_WARN_DEPRECATED_OBJC_IMPLEMENTATIONS = YES;
				CLANG_WARN_DIRECT_OBJC_ISA_USAGE = YES_ERROR;
				CLANG_WARN_DOCUMENTATION_COMMENTS = YES;
				CLANG_WARN_EMPTY_BODY = YES;
				CLANG_WARN_ENUM_CONVERSION = YES;
				CLANG_WARN_INFINITE_RECURSION = YES;
				CLANG_WARN_INT_CONVERSION = YES;
				CLANG_WARN_NON_LITERAL_NULL_CONVERSION = YES;
				CLANG_WARN_OBJC_IMPLICIT_RETAIN_SELF = YES;
				CLANG_WARN_OBJC_LITERAL_CONVERSION = YES;
				CLANG_WARN_OBJC_ROOT_CLASS = YES_ERROR;
				CLANG_WARN_RANGE_LOOP_ANALYSIS = YES;
				CLANG_WARN_STRICT_PROTOTYPES = YES;
				CLANG_WARN_SUSPICIOUS_MOVE = YES;
				CLANG_WARN_UNGUARDED_AVAILABILITY = YES_AGGRESSIVE;
				CLANG_WARN_UNREACHABLE_CODE = YES;
				CLANG_WARN__DUPLICATE_METHOD_MATCH = YES;
				CODE_SIGN_IDENTITY = "iPhone Developer";
				COPY_PHASE_STRIP = NO;
				DEBUG_INFORMATION_FORMAT = "dwarf-with-dsym";
				ENABLE_NS_ASSERTIONS = NO;
				ENABLE_STRICT_OBJC_MSGSEND = YES;
				GCC_C_LANGUAGE_STANDARD = gnu11;
				GCC_NO_COMMON_BLOCKS = YES;
				GCC_WARN_64_TO_32_BIT_CONVERSION = YES;
				GCC_WARN_ABOUT_RETURN_TYPE = YES_ERROR;
				GCC_WARN_UNDECLARED_SELECTOR = YES;
				GCC_WARN_UNINITIALIZED_AUTOS = YES_AGGRESSIVE;
				GCC_WARN_UNUSED_FUNCTION = YES;
				GCC_WARN_UNUSED_VARIABLE = YES;
				IPHONEOS_DEPLOYMENT_TARGET = 12.1;
				MTL_ENABLE_DEBUG_INFO = NO;
				MTL_FAST_MATH = YES;
				SDKROOT = iphoneos;
				SWIFT_COMPILATION_MODE = wholemodule;
				SWIFT_OPTIMIZATION_LEVEL = "-O";
				VALIDATE_PRODUCT = YES;
			};
			name = Release;
		};
		476B6FCE21FCD38300BBBD41 /* Debug */ = {
			isa = XCBuildConfiguration;
			baseConfigurationReference = 09A1F6F97A253F2E64006032 /* Pods-todo.debug.xcconfig */;
			buildSettings = {
				ASSETCATALOG_COMPILER_APPICON_NAME = AppIcon;
				CODE_SIGN_STYLE = Automatic;
				DEVELOPMENT_TEAM = LQLDC32ZJ8;
				INFOPLIST_FILE = todo/Info.plist;
				IPHONEOS_DEPLOYMENT_TARGET = 11.3;
				LD_RUNPATH_SEARCH_PATHS = (
					"$(inherited)",
					"@executable_path/Frameworks",
				);
				PRODUCT_BUNDLE_IDENTIFIER = com.bahie.todo;
				PRODUCT_NAME = "$(TARGET_NAME)";
				SWIFT_VERSION = 4.2;
				TARGETED_DEVICE_FAMILY = "1,2";
			};
			name = Debug;
		};
		476B6FCF21FCD38300BBBD41 /* Release */ = {
			isa = XCBuildConfiguration;
			baseConfigurationReference = E9EC411CFF15DFEBAE7BB509 /* Pods-todo.release.xcconfig */;
			buildSettings = {
				ASSETCATALOG_COMPILER_APPICON_NAME = AppIcon;
				CODE_SIGN_STYLE = Automatic;
				DEVELOPMENT_TEAM = LQLDC32ZJ8;
				INFOPLIST_FILE = todo/Info.plist;
				IPHONEOS_DEPLOYMENT_TARGET = 11.3;
				LD_RUNPATH_SEARCH_PATHS = (
					"$(inherited)",
					"@executable_path/Frameworks",
				);
				PRODUCT_BUNDLE_IDENTIFIER = com.bahie.todo;
				PRODUCT_NAME = "$(TARGET_NAME)";
				SWIFT_VERSION = 4.2;
				TARGETED_DEVICE_FAMILY = "1,2";
			};
			name = Release;
		};
/* End XCBuildConfiguration section */

/* Begin XCConfigurationList section */
		476B6FB621FCD38100BBBD41 /* Build configuration list for PBXProject "todo" */ = {
			isa = XCConfigurationList;
			buildConfigurations = (
				476B6FCB21FCD38300BBBD41 /* Debug */,
				476B6FCC21FCD38300BBBD41 /* Release */,
			);
			defaultConfigurationIsVisible = 0;
			defaultConfigurationName = Release;
		};
		476B6FCD21FCD38300BBBD41 /* Build configuration list for PBXNativeTarget "todo" */ = {
			isa = XCConfigurationList;
			buildConfigurations = (
				476B6FCE21FCD38300BBBD41 /* Debug */,
				476B6FCF21FCD38300BBBD41 /* Release */,
			);
			defaultConfigurationIsVisible = 0;
			defaultConfigurationName = Release;
		};
/* End XCConfigurationList section */
	};
	rootObject = 476B6FB321FCD38100BBBD41 /* Project object */;
}
